
Microsoft Visual Studio Solution File, Format Version 12.00
# Visual Studio 2013
VisualStudioVersion = 12.0.21005.1
MinimumVisualStudioVersion = 10.0.40219.1
Project("{FAE04EC0-301F-11D3-BF4B-00C04F79EFBC}") = "CalculatorLogic", "CalculatorLogic\CalculatorLogic.csproj", "{ACF94B15-1FE8-4D57-9462-CE14A1E06F57}"
EndProject
Project("{FAE04EC0-301F-11D3-BF4B-00C04F79EFBC}") = "CalculatorTest", "CalculatorTest\CalculatorTest.csproj", "{03B23B0F-FA26-4E24-8BF3-B4EECDC373BE}"
EndProject
Project("{FAE04EC0-301F-11D3-BF4B-00C04F79EFBC}") = "ConsoleCalculator", "ConsoleCalculator\ConsoleCalculator.csproj", "{AF17A76D-A499-40FA-A528-395B154A5C51}"
EndProject
Global
	GlobalSection(SolutionConfigurationPlatforms) = preSolution
		Debug|Any CPU = Debug|Any CPU
		Release|Any CPU = Release|Any CPU
	EndGlobalSection
	GlobalSection(ProjectConfigurationPlatforms) = postSolution
		{ACF94B15-1FE8-4D57-9462-CE14A1E06F57}.Debug|Any CPU.ActiveCfg = Debug|Any CPU
		{ACF94B15-1FE8-4D57-9462-CE14A1E06F57}.Debug|Any CPU.Build.0 = Debug|Any CPU
		{ACF94B15-1FE8-4D57-9462-CE14A1E06F57}.Release|Any CPU.ActiveCfg = Release|Any CPU
		{ACF94B15-1FE8-4D57-9462-CE14A1E06F57}.Release|Any CPU.Build.0 = Release|Any CPU
		{03B23B0F-FA26-4E24-8BF3-B4EECDC373BE}.Debug|Any CPU.ActiveCfg = Debug|Any CPU
		{03B23B0F-FA26-4E24-8BF3-B4EECDC373BE}.Debug|Any CPU.Build.0 = Debug|Any CPU
		{03B23B0F-FA26-4E24-8BF3-B4EECDC373BE}.Release|Any CPU.ActiveCfg = Release|Any CPU
		{03B23B0F-FA26-4E24-8BF3-B4EECDC373BE}.Release|Any CPU.Build.0 = Release|Any CPU
		{AF17A76D-A499-40FA-A528-395B154A5C51}.Debug|Any CPU.ActiveCfg = Debug|Any CPU
		{AF17A76D-A499-40FA-A528-395B154A5C51}.Debug|Any CPU.Build.0 = Debug|Any CPU
		{AF17A76D-A499-40FA-A528-395B154A5C51}.Release|Any CPU.ActiveCfg = Release|Any CPU
		{AF17A76D-A499-40FA-A528-395B154A5C51}.Release|Any CPU.Build.0 = Release|Any CPU
	EndGlobalSection
	GlobalSection(SolutionProperties) = preSolution
		HideSolutionNode = FALSE
	EndGlobalSection
EndGlobal
